
Microsoft Visual Studio Solution File, Format Version 12.00
# Visual Studio 15
VisualStudioVersion = 15.0.28307.168
MinimumVisualStudioVersion = 10.0.40219.1
Project("{FAE04EC0-301F-11D3-BF4B-00C04F79EFBC}") = "SportsStore", "SportsStore\SportsStore.csproj", "{1D455B12-BB88-4FE2-92B9-DA3B18B7B037}"
EndProject
Project("{2150E333-8FDC-42A3-9474-1A3956D46DE8}") = "test", "test", "{25D77982-8A94-4235-99CD-E8A16F76C9A1}"
EndProject
Project("{FAE04EC0-301F-11D3-BF4B-00C04F79EFBC}") = "XUnitTestProject1", "XUnitTestProject1\XUnitTestProject1.csproj", "{28DA791E-B6E0-42C6-947B-F49E10891834}"
EndProject
Project("{2150E333-8FDC-42A3-9474-1A3956D46DE8}") = "src", "src", "{4A4F9C45-66A4-422B-A4C2-15B9E2804F81}"
EndProject
Global
	GlobalSection(SolutionConfigurationPlatforms) = preSolution
		Debug|Any CPU = Debug|Any CPU
		Release|Any CPU = Release|Any CPU
	EndGlobalSection
	GlobalSection(ProjectConfigurationPlatforms) = postSolution
		{1D455B12-BB88-4FE2-92B9-DA3B18B7B037}.Debug|Any CPU.ActiveCfg = Debug|Any CPU
		{1D455B12-BB88-4FE2-92B9-DA3B18B7B037}.Debug|Any CPU.Build.0 = Debug|Any CPU
		{1D455B12-BB88-4FE2-92B9-DA3B18B7B037}.Release|Any CPU.ActiveCfg = Release|Any CPU
		{1D455B12-BB88-4FE2-92B9-DA3B18B7B037}.Release|Any CPU.Build.0 = Release|Any CPU
		{28DA791E-B6E0-42C6-947B-F49E10891834}.Debug|Any CPU.ActiveCfg = Debug|Any CPU
		{28DA791E-B6E0-42C6-947B-F49E10891834}.Debug|Any CPU.Build.0 = Debug|Any CPU
		{28DA791E-B6E0-42C6-947B-F49E10891834}.Release|Any CPU.ActiveCfg = Release|Any CPU
		{28DA791E-B6E0-42C6-947B-F49E10891834}.Release|Any CPU.Build.0 = Release|Any CPU
	EndGlobalSection
	GlobalSection(SolutionProperties) = preSolution
		HideSolutionNode = FALSE
	EndGlobalSection
	GlobalSection(NestedProjects) = preSolution
		{1D455B12-BB88-4FE2-92B9-DA3B18B7B037} = {4A4F9C45-66A4-422B-A4C2-15B9E2804F81}
		{28DA791E-B6E0-42C6-947B-F49E10891834} = {25D77982-8A94-4235-99CD-E8A16F76C9A1}
	EndGlobalSection
	GlobalSection(ExtensibilityGlobals) = postSolution
		SolutionGuid = {056F5725-24CE-42BB-AA6D-AF8C5BF98560}
	EndGlobalSection
EndGlobal
